
Microsoft Visual Studio Solution File, Format Version 12.00
# Visual Studio 15
VisualStudioVersion = 15.0.27004.2005
MinimumVisualStudioVersion = 10.0.40219.1
Project("{FAE04EC0-301F-11D3-BF4B-00C04F79EFBC}") = "Argin.Extensions", "Argin.Extensions\Argin.Extensions.csproj", "{D46A5F52-8F59-4817-B0A9-DB50E30F3CC5}"
EndProject
Project("{FAE04EC0-301F-11D3-BF4B-00C04F79EFBC}") = "CalculatorViewer", "CalculatorViewer\CalculatorViewer.csproj", "{F4F0A966-6C2E-4534-84C2-E1F1470033B9}"
EndProject
Global
	GlobalSection(SolutionConfigurationPlatforms) = preSolution
		Debug|Any CPU = Debug|Any CPU
		Release|Any CPU = Release|Any CPU
	EndGlobalSection
	GlobalSection(ProjectConfigurationPlatforms) = postSolution
		{D46A5F52-8F59-4817-B0A9-DB50E30F3CC5}.Debug|Any CPU.ActiveCfg = Debug|Any CPU
		{D46A5F52-8F59-4817-B0A9-DB50E30F3CC5}.Debug|Any CPU.Build.0 = Debug|Any CPU
		{D46A5F52-8F59-4817-B0A9-DB50E30F3CC5}.Release|Any CPU.ActiveCfg = Release|Any CPU
		{D46A5F52-8F59-4817-B0A9-DB50E30F3CC5}.Release|Any CPU.Build.0 = Release|Any CPU
		{F4F0A966-6C2E-4534-84C2-E1F1470033B9}.Debug|Any CPU.ActiveCfg = Debug|Any CPU
		{F4F0A966-6C2E-4534-84C2-E1F1470033B9}.Debug|Any CPU.Build.0 = Debug|Any CPU
		{F4F0A966-6C2E-4534-84C2-E1F1470033B9}.Release|Any CPU.ActiveCfg = Release|Any CPU
		{F4F0A966-6C2E-4534-84C2-E1F1470033B9}.Release|Any CPU.Build.0 = Release|Any CPU
	EndGlobalSection
	GlobalSection(SolutionProperties) = preSolution
		HideSolutionNode = FALSE
	EndGlobalSection
	GlobalSection(ExtensibilityGlobals) = postSolution
		SolutionGuid = {4A97A3E7-3C25-4739-BECB-F06591E6A485}
	EndGlobalSection
EndGlobal
